// !$*UTF8*$!
{
	archiveVersion = 1;
	classes = {
	};
	objectVersion = 46;
	objects = {

/* Begin PBXBuildFile section */
		926132871E02AE32009E68B4 /* AppDelegate.swift in Sources */ = {isa = PBXBuildFile; fileRef = 926132861E02AE32009E68B4 /* AppDelegate.swift */; };
		926132891E02AE32009E68B4 /* ViewController.swift in Sources */ = {isa = PBXBuildFile; fileRef = 926132881E02AE32009E68B4 /* ViewController.swift */; };
		9261328C1E02AE32009E68B4 /* Main.storyboard in Resources */ = {isa = PBXBuildFile; fileRef = 9261328A1E02AE32009E68B4 /* Main.storyboard */; };
		9261328E1E02AE32009E68B4 /* Assets.xcassets in Resources */ = {isa = PBXBuildFile; fileRef = 9261328D1E02AE32009E68B4 /* Assets.xcassets */; };
		926132911E02AE32009E68B4 /* LaunchScreen.storyboard in Resources */ = {isa = PBXBuildFile; fileRef = 9261328F1E02AE32009E68B4 /* LaunchScreen.storyboard */; };
		9261329C1E02AE33009E68B4 /* BeaconTests.swift in Sources */ = {isa = PBXBuildFile; fileRef = 9261329B1E02AE33009E68B4 /* BeaconTests.swift */; };
		926132A71E02AE33009E68B4 /* BeaconUITests.swift in Sources */ = {isa = PBXBuildFile; fileRef = 926132A61E02AE33009E68B4 /* BeaconUITests.swift */; };
		926132B61E032C13009E68B4 /* MapKit.framework in Frameworks */ = {isa = PBXBuildFile; fileRef = 926132B51E032C13009E68B4 /* MapKit.framework */; };
		926132B81E043046009E68B4 /* PromoViewController.swift in Sources */ = {isa = PBXBuildFile; fileRef = 926132B71E043046009E68B4 /* PromoViewController.swift */; };
/* End PBXBuildFile section */

/* Begin PBXContainerItemProxy section */
		926132981E02AE33009E68B4 /* PBXContainerItemProxy */ = {
			isa = PBXContainerItemProxy;
			containerPortal = 9261327B1E02AE32009E68B4 /* Project object */;
			proxyType = 1;
			remoteGlobalIDString = 926132821E02AE32009E68B4;
			remoteInfo = Beacon;
		};
		926132A31E02AE33009E68B4 /* PBXContainerItemProxy */ = {
			isa = PBXContainerItemProxy;
			containerPortal = 9261327B1E02AE32009E68B4 /* Project object */;
			proxyType = 1;
			remoteGlobalIDString = 926132821E02AE32009E68B4;
			remoteInfo = Beacon;
		};
/* End PBXContainerItemProxy section */

/* Begin PBXFileReference section */
		926132831E02AE32009E68B4 /* Beacon.app */ = {isa = PBXFileReference; explicitFileType = wrapper.application; includeInIndex = 0; path = Beacon.app; sourceTree = BUILT_PRODUCTS_DIR; };
		926132861E02AE32009E68B4 /* AppDelegate.swift */ = {isa = PBXFileReference; lastKnownFileType = sourcecode.swift; path = AppDelegate.swift; sourceTree = "<group>"; };
		926132881E02AE32009E68B4 /* ViewController.swift */ = {isa = PBXFileReference; lastKnownFileType = sourcecode.swift; path = ViewController.swift; sourceTree = "<group>"; };
		9261328B1E02AE32009E68B4 /* Base */ = {isa = PBXFileReference; lastKnownFileType = file.storyboard; name = Base; path = Base.lproj/Main.storyboard; sourceTree = "<group>"; };
		9261328D1E02AE32009E68B4 /* Assets.xcassets */ = {isa = PBXFileReference; lastKnownFileType = folder.assetcatalog; path = Assets.xcassets; sourceTree = "<group>"; };
		926132901E02AE32009E68B4 /* Base */ = {isa = PBXFileReference; lastKnownFileType = file.storyboard; name = Base; path = Base.lproj/LaunchScreen.storyboard; sourceTree = "<group>"; };
		926132921E02AE32009E68B4 /* Info.plist */ = {isa = PBXFileReference; lastKnownFileType = text.plist.xml; path = Info.plist; sourceTree = "<group>"; };
		926132971E02AE33009E68B4 /* BeaconTests.xctest */ = {isa = PBXFileReference; explicitFileType = wrapper.cfbundle; includeInIndex = 0; path = BeaconTests.xctest; sourceTree = BUILT_PRODUCTS_DIR; };
		9261329B1E02AE33009E68B4 /* BeaconTests.swift */ = {isa = PBXFileReference; lastKnownFileType = sourcecode.swift; path = BeaconTests.swift; sourceTree = "<group>"; };
		9261329D1E02AE33009E68B4 /* Info.plist */ = {isa = PBXFileReference; lastKnownFileType = text.plist.xml; path = Info.plist; sourceTree = "<group>"; };
		926132A21E02AE33009E68B4 /* BeaconUITests.xctest */ = {isa = PBXFileReference; explicitFileType = wrapper.cfbundle; includeInIndex = 0; path = BeaconUITests.xctest; sourceTree = BUILT_PRODUCTS_DIR; };
		926132A61E02AE33009E68B4 /* BeaconUITests.swift */ = {isa = PBXFileReference; lastKnownFileType = sourcecode.swift; path = BeaconUITests.swift; sourceTree = "<group>"; };
		926132A81E02AE33009E68B4 /* Info.plist */ = {isa = PBXFileReference; lastKnownFileType = text.plist.xml; path = Info.plist; sourceTree = "<group>"; };
		926132B51E032C13009E68B4 /* MapKit.framework */ = {isa = PBXFileReference; lastKnownFileType = wrapper.framework; name = MapKit.framework; path = System/Library/Frameworks/MapKit.framework; sourceTree = SDKROOT; };
		926132B71E043046009E68B4 /* PromoViewController.swift */ = {isa = PBXFileReference; fileEncoding = 4; lastKnownFileType = sourcecode.swift; path = PromoViewController.swift; sourceTree = "<group>"; };
/* End PBXFileReference section */

/* Begin PBXFrameworksBuildPhase section */
		926132801E02AE32009E68B4 /* Frameworks */ = {
			isa = PBXFrameworksBuildPhase;
			buildActionMask = 2147483647;
			files = (
				926132B61E032C13009E68B4 /* MapKit.framework in Frameworks */,
			);
			runOnlyForDeploymentPostprocessing = 0;
		};
		926132941E02AE33009E68B4 /* Frameworks */ = {
			isa = PBXFrameworksBuildPhase;
			buildActionMask = 2147483647;
			files = (
			);
			runOnlyForDeploymentPostprocessing = 0;
		};
		9261329F1E02AE33009E68B4 /* Frameworks */ = {
			isa = PBXFrameworksBuildPhase;
			buildActionMask = 2147483647;
			files = (
			);
			runOnlyForDeploymentPostprocessing = 0;
		};
/* End PBXFrameworksBuildPhase section */

/* Begin PBXGroup section */
		9261327A1E02AE32009E68B4 = {
			isa = PBXGroup;
			children = (
				926132851E02AE32009E68B4 /* Beacon */,
				9261329A1E02AE33009E68B4 /* BeaconTests */,
				926132A51E02AE33009E68B4 /* BeaconUITests */,
				926132841E02AE32009E68B4 /* Products */,
				926132B41E032C13009E68B4 /* Frameworks */,
			);
			sourceTree = "<group>";
		};
		926132841E02AE32009E68B4 /* Products */ = {
			isa = PBXGroup;
			children = (
				926132831E02AE32009E68B4 /* Beacon.app */,
				926132971E02AE33009E68B4 /* BeaconTests.xctest */,
				926132A21E02AE33009E68B4 /* BeaconUITests.xctest */,
			);
			name = Products;
			sourceTree = "<group>";
		};
		926132851E02AE32009E68B4 /* Beacon */ = {
			isa = PBXGroup;
			children = (
				926132861E02AE32009E68B4 /* AppDelegate.swift */,
				926132881E02AE32009E68B4 /* ViewController.swift */,
				926132B71E043046009E68B4 /* PromoViewController.swift */,
				9261328A1E02AE32009E68B4 /* Main.storyboard */,
				9261328D1E02AE32009E68B4 /* Assets.xcassets */,
				9261328F1E02AE32009E68B4 /* LaunchScreen.storyboard */,
				926132921E02AE32009E68B4 /* Info.plist */,
			);
			path = Beacon;
			sourceTree = "<group>";
		};
		9261329A1E02AE33009E68B4 /* BeaconTests */ = {
			isa = PBXGroup;
			children = (
				9261329B1E02AE33009E68B4 /* BeaconTests.swift */,
				9261329D1E02AE33009E68B4 /* Info.plist */,
			);
			path = BeaconTests;
			sourceTree = "<group>";
		};
		926132A51E02AE33009E68B4 /* BeaconUITests */ = {
			isa = PBXGroup;
			children = (
				926132A61E02AE33009E68B4 /* BeaconUITests.swift */,
				926132A81E02AE33009E68B4 /* Info.plist */,
			);
			path = BeaconUITests;
			sourceTree = "<group>";
		};
		926132B41E032C13009E68B4 /* Frameworks */ = {
			isa = PBXGroup;
			children = (
				926132B51E032C13009E68B4 /* MapKit.framework */,
			);
			name = Frameworks;
			sourceTree = "<group>";
		};
/* End PBXGroup section */

/* Begin PBXNativeTarget section */
		926132821E02AE32009E68B4 /* Beacon */ = {
			isa = PBXNativeTarget;
			buildConfigurationList = 926132AB1E02AE33009E68B4 /* Build configuration list for PBXNativeTarget "Beacon" */;
			buildPhases = (
				9261327F1E02AE32009E68B4 /* Sources */,
				926132801E02AE32009E68B4 /* Frameworks */,
				926132811E02AE32009E68B4 /* Resources */,
			);
			buildRules = (
			);
			dependencies = (
			);
			name = Beacon;
			productName = Beacon;
			productReference = 926132831E02AE32009E68B4 /* Beacon.app */;
			productType = "com.apple.product-type.application";
		};
		926132961E02AE33009E68B4 /* BeaconTests */ = {
			isa = PBXNativeTarget;
			buildConfigurationList = 926132AE1E02AE33009E68B4 /* Build configuration list for PBXNativeTarget "BeaconTests" */;
			buildPhases = (
				926132931E02AE33009E68B4 /* Sources */,
				926132941E02AE33009E68B4 /* Frameworks */,
				926132951E02AE33009E68B4 /* Resources */,
			);
			buildRules = (
			);
			dependencies = (
				926132991E02AE33009E68B4 /* PBXTargetDependency */,
			);
			name = BeaconTests;
			productName = BeaconTests;
			productReference = 926132971E02AE33009E68B4 /* BeaconTests.xctest */;
			productType = "com.apple.product-type.bundle.unit-test";
		};
		926132A11E02AE33009E68B4 /* BeaconUITests */ = {
			isa = PBXNativeTarget;
			buildConfigurationList = 926132B11E02AE33009E68B4 /* Build configuration list for PBXNativeTarget "BeaconUITests" */;
			buildPhases = (
				9261329E1E02AE33009E68B4 /* Sources */,
				9261329F1E02AE33009E68B4 /* Frameworks */,
				926132A01E02AE33009E68B4 /* Resources */,
			);
			buildRules = (
			);
			dependencies = (
				926132A41E02AE33009E68B4 /* PBXTargetDependency */,
			);
			name = BeaconUITests;
			productName = BeaconUITests;
			productReference = 926132A21E02AE33009E68B4 /* BeaconUITests.xctest */;
			productType = "com.apple.product-type.bundle.ui-testing";
		};
/* End PBXNativeTarget section */

/* Begin PBXProject section */
		9261327B1E02AE32009E68B4 /* Project object */ = {
			isa = PBXProject;
			attributes = {
				LastSwiftUpdateCheck = 0820;
				LastUpgradeCheck = 0820;
				ORGANIZATIONNAME = "Denis Nascimento";
				TargetAttributes = {
					926132821E02AE32009E68B4 = {
						CreatedOnToolsVersion = 8.2;
						DevelopmentTeam = FD37M2LA3J;
						ProvisioningStyle = Automatic;
						SystemCapabilities = {
							com.apple.BackgroundModes = {
								enabled = 0;
							};
							com.apple.Maps.iOS = {
								enabled = 0;
							};
						};
					};
					926132961E02AE33009E68B4 = {
						CreatedOnToolsVersion = 8.2;
						DevelopmentTeam = FD37M2LA3J;
						ProvisioningStyle = Automatic;
						TestTargetID = 926132821E02AE32009E68B4;
					};
					926132A11E02AE33009E68B4 = {
						CreatedOnToolsVersion = 8.2;
						DevelopmentTeam = FD37M2LA3J;
						ProvisioningStyle = Automatic;
						TestTargetID = 926132821E02AE32009E68B4;
					};
				};
			};
			buildConfigurationList = 9261327E1E02AE32009E68B4 /* Build configuration list for PBXProject "Beacon" */;
			compatibilityVersion = "Xcode 3.2";
			developmentRegion = English;
			hasScannedForEncodings = 0;
			knownRegions = (
				en,
				Base,
			);
			mainGroup = 9261327A1E02AE32009E68B4;
			productRefGroup = 926132841E02AE32009E68B4 /* Products */;
			projectDirPath = "";
			projectRoot = "";
			targets = (
				926132821E02AE32009E68B4 /* Beacon */,
				926132961E02AE33009E68B4 /* BeaconTests */,
				926132A11E02AE33009E68B4 /* BeaconUITests */,
			);
		};
/* End PBXProject section */

/* Begin PBXResourcesBuildPhase section */
		926132811E02AE32009E68B4 /* Resources */ = {
			isa = PBXResourcesBuildPhase;
			buildActionMask = 2147483647;
			files = (
				926132911E02AE32009E68B4 /* LaunchScreen.storyboard in Resources */,
				9261328E1E02AE32009E68B4 /* Assets.xcassets in Resources */,
				9261328C1E02AE32009E68B4 /* Main.storyboard in Resources */,
			);
			runOnlyForDeploymentPostprocessing = 0;
		};
		926132951E02AE33009E68B4 /* Resources */ = {
			isa = PBXResourcesBuildPhase;
			buildActionMask = 2147483647;
			files = (
			);
			runOnlyForDeploymentPostprocessing = 0;
		};
		926132A01E02AE33009E68B4 /* Resources */ = {
			isa = PBXResourcesBuildPhase;
			buildActionMask = 2147483647;
			files = (
			);
			runOnlyForDeploymentPostprocessing = 0;
		};
/* End PBXResourcesBuildPhase section */

/* Begin PBXSourcesBuildPhase section */
		9261327F1E02AE32009E68B4 /* Sources */ = {
			isa = PBXSourcesBuildPhase;
			buildActionMask = 2147483647;
			files = (
				926132891E02AE32009E68B4 /* ViewController.swift in Sources */,
				926132871E02AE32009E68B4 /* AppDelegate.swift in Sources */,
				926132B81E043046009E68B4 /* PromoViewController.swift in Sources */,
			);
			runOnlyForDeploymentPostprocessing = 0;
		};
		926132931E02AE33009E68B4 /* Sources */ = {
			isa = PBXSourcesBuildPhase;
			buildActionMask = 2147483647;
			files = (
				9261329C1E02AE33009E68B4 /* BeaconTests.swift in Sources */,
			);
			runOnlyForDeploymentPostprocessing = 0;
		};
		9261329E1E02AE33009E68B4 /* Sources */ = {
			isa = PBXSourcesBuildPhase;
			buildActionMask = 2147483647;
			files = (
				926132A71E02AE33009E68B4 /* BeaconUITests.swift in Sources */,
			);
			runOnlyForDeploymentPostprocessing = 0;
		};
/* End PBXSourcesBuildPhase section */

/* Begin PBXTargetDependency section */
		926132991E02AE33009E68B4 /* PBXTargetDependency */ = {
			isa = PBXTargetDependency;
			target = 926132821E02AE32009E68B4 /* Beacon */;
			targetProxy = 926132981E02AE33009E68B4 /* PBXContainerItemProxy */;
		};
		926132A41E02AE33009E68B4 /* PBXTargetDependency */ = {
			isa = PBXTargetDependency;
			target = 926132821E02AE32009E68B4 /* Beacon */;
			targetProxy = 926132A31E02AE33009E68B4 /* PBXContainerItemProxy */;
		};
/* End PBXTargetDependency section */

/* Begin PBXVariantGroup section */
		9261328A1E02AE32009E68B4 /* Main.storyboard */ = {
			isa = PBXVariantGroup;
			children = (
				9261328B1E02AE32009E68B4 /* Base */,
			);
			name = Main.storyboard;
			sourceTree = "<group>";
		};
		9261328F1E02AE32009E68B4 /* LaunchScreen.storyboard */ = {
			isa = PBXVariantGroup;
			children = (
				926132901E02AE32009E68B4 /* Base */,
			);
			name = LaunchScreen.storyboard;
			sourceTree = "<group>";
		};
/* End PBXVariantGroup section */

/* Begin XCBuildConfiguration section */
		926132A91E02AE33009E68B4 /* Debug */ = {
			isa = XCBuildConfiguration;
			buildSettings = {
				ALWAYS_SEARCH_USER_PATHS = NO;
				CLANG_ANALYZER_NONNULL = YES;
				CLANG_CXX_LANGUAGE_STANDARD = "gnu++0x";
				CLANG_CXX_LIBRARY = "libc++";
				CLANG_ENABLE_MODULES = YES;
				CLANG_ENABLE_OBJC_ARC = YES;
				CLANG_WARN_BOOL_CONVERSION = YES;
				CLANG_WARN_CONSTANT_CONVERSION = YES;
				CLANG_WARN_DIRECT_OBJC_ISA_USAGE = YES_ERROR;
				CLANG_WARN_DOCUMENTATION_COMMENTS = YES;
				CLANG_WARN_EMPTY_BODY = YES;
				CLANG_WARN_ENUM_CONVERSION = YES;
				CLANG_WARN_INFINITE_RECURSION = YES;
				CLANG_WARN_INT_CONVERSION = YES;
				CLANG_WARN_OBJC_ROOT_CLASS = YES_ERROR;
				CLANG_WARN_SUSPICIOUS_MOVE = YES;
				CLANG_WARN_UNREACHABLE_CODE = YES;
				CLANG_WARN__DUPLICATE_METHOD_MATCH = YES;
				"CODE_SIGN_IDENTITY[sdk=iphoneos*]" = "iPhone Developer";
				COPY_PHASE_STRIP = NO;
				DEBUG_INFORMATION_FORMAT = dwarf;
				ENABLE_STRICT_OBJC_MSGSEND = YES;
				ENABLE_TESTABILITY = YES;
				GCC_C_LANGUAGE_STANDARD = gnu99;
				GCC_DYNAMIC_NO_PIC = NO;
				GCC_NO_COMMON_BLOCKS = YES;
				GCC_OPTIMIZATION_LEVEL = 0;
				GCC_PREPROCESSOR_DEFINITIONS = (
					"DEBUG=1",
					"$(inherited)",
				);
				GCC_WARN_64_TO_32_BIT_CONVERSION = YES;
				GCC_WARN_ABOUT_RETURN_TYPE = YES_ERROR;
				GCC_WARN_UNDECLARED_SELECTOR = YES;
				GCC_WARN_UNINITIALIZED_AUTOS = YES_AGGRESSIVE;
				GCC_WARN_UNUSED_FUNCTION = YES;
				GCC_WARN_UNUSED_VARIABLE = YES;
				IPHONEOS_DEPLOYMENT_TARGET = 10.2;
				MTL_ENABLE_DEBUG_INFO = YES;
				ONLY_ACTIVE_ARCH = YES;
				SDKROOT = iphoneos;
				SWIFT_ACTIVE_COMPILATION_CONDITIONS = DEBUG;
				SWIFT_OPTIMIZATION_LEVEL = "-Onone";
			};
			name = Debug;
		};
		926132AA1E02AE33009E68B4 /* Release */ = {
			isa = XCBuildConfiguration;
			buildSettings = {
				ALWAYS_SEARCH_USER_PATHS = NO;
				CLANG_ANALYZER_NONNULL = YES;
				CLANG_CXX_LANGUAGE_STANDARD = "gnu++0x";
				CLANG_CXX_LIBRARY = "libc++";
				CLANG_ENABLE_MODULES = YES;
				CLANG_ENABLE_OBJC_ARC = YES;
				CLANG_WARN_BOOL_CONVERSION = YES;
				CLANG_WARN_CONSTANT_CONVERSION = YES;
				CLANG_WARN_DIRECT_OBJC_ISA_USAGE = YES_ERROR;
				CLANG_WARN_DOCUMENTATION_COMMENTS = YES;
				CLANG_WARN_EMPTY_BODY = YES;
				CLANG_WARN_ENUM_CONVERSION = YES;
				CLANG_WARN_INFINITE_RECURSION = YES;
				CLANG_WARN_INT_CONVERSION = YES;
				CLANG_WARN_OBJC_ROOT_CLASS = YES_ERROR;
				CLANG_WARN_SUSPICIOUS_MOVE = YES;
				CLANG_WARN_UNREACHABLE_CODE = YES;
				CLANG_WARN__DUPLICATE_METHOD_MATCH = YES;
				"CODE_SIGN_IDENTITY[sdk=iphoneos*]" = "iPhone Developer";
				COPY_PHASE_STRIP = NO;
				DEBUG_INFORMATION_FORMAT = "dwarf-with-dsym";
				ENABLE_NS_ASSERTIONS = NO;
				ENABLE_STRICT_OBJC_MSGSEND = YES;
				GCC_C_LANGUAGE_STANDARD = gnu99;
				GCC_NO_COMMON_BLOCKS = YES;
				GCC_WARN_64_TO_32_BIT_CONVERSION = YES;
				GCC_WARN_ABOUT_RETURN_TYPE = YES_ERROR;
				GCC_WARN_UNDECLARED_SELECTOR = YES;
				GCC_WARN_UNINITIALIZED_AUTOS = YES_AGGRESSIVE;
				GCC_WARN_UNUSED_FUNCTION = YES;
				GCC_WARN_UNUSED_VARIABLE = YES;
				IPHONEOS_DEPLOYMENT_TARGET = 10.2;
				MTL_ENABLE_DEBUG_INFO = NO;
				SDKROOT = iphoneos;
				SWIFT_OPTIMIZATION_LEVEL = "-Owholemodule";
				VALIDATE_PRODUCT = YES;
			};
			name = Release;
		};
		926132AC1E02AE33009E68B4 /* Debug */ = {
			isa = XCBuildConfiguration;
			buildSettings = {
				ASSETCATALOG_COMPILER_APPICON_NAME = AppIcon;
				DEVELOPMENT_TEAM = FD37M2LA3J;
				INFOPLIST_FILE = Beacon/Info.plist;
				IPHONEOS_DEPLOYMENT_TARGET = 10.1;
				LD_RUNPATH_SEARCH_PATHS = "$(inherited) @executable_path/Frameworks";
				PRODUCT_BUNDLE_IDENTIFIER = com.fdnascimento.Beacon;
				PRODUCT_NAME = "$(TARGET_NAME)";
				SWIFT_VERSION = 3.0;
			};
			name = Debug;
		};
		926132AD1E02AE33009E68B4 /* Release */ = {
			isa = XCBuildConfiguration;
			buildSettings = {
				ASSETCATALOG_COMPILER_APPICON_NAME = AppIcon;
				DEVELOPMENT_TEAM = FD37M2LA3J;
				INFOPLIST_FILE = Beacon/Info.plist;
				IPHONEOS_DEPLOYMENT_TARGET = 10.1;
				LD_RUNPATH_SEARCH_PATHS = "$(inherited) @executable_path/Frameworks";
				PRODUCT_BUNDLE_IDENTIFIER = com.fdnascimento.Beacon;
				PRODUCT_NAME = "$(TARGET_NAME)";
				SWIFT_VERSION = 3.0;
			};
			name = Release;
		};
		926132AF1E02AE33009E68B4 /* Debug */ = {
			isa = XCBuildConfiguration;
			buildSettings = {
				ALWAYS_EMBED_SWIFT_STANDARD_LIBRARIES = YES;
				BUNDLE_LOADER = "$(TEST_HOST)";
				DEVELOPMENT_TEAM = FD37M2LA3J;
				INFOPLIST_FILE = BeaconTests/Info.plist;
				LD_RUNPATH_SEARCH_PATHS = "$(inherited) @executable_path/Frameworks @loader_path/Frameworks";
				PRODUCT_BUNDLE_IDENTIFIER = com.fdnascimento.BeaconTests;
				PRODUCT_NAME = "$(TARGET_NAME)";
				SWIFT_VERSION = 3.0;
				TEST_HOST = "$(BUILT_PRODUCTS_DIR)/Beacon.app/Beacon";
			};
			name = Debug;
		};
		926132B01E02AE33009E68B4 /* Release */ = {
			isa = XCBuildConfiguration;
			buildSettings = {
				ALWAYS_EMBED_SWIFT_STANDARD_LIBRARIES = YES;
				BUNDLE_LOADER = "$(TEST_HOST)";
				DEVELOPMENT_TEAM = FD37M2LA3J;
				INFOPLIST_FILE = BeaconTests/Info.plist;
				LD_RUNPATH_SEARCH_PATHS = "$(inherited) @executable_path/Frameworks @loader_path/Frameworks";
				PRODUCT_BUNDLE_IDENTIFIER = com.fdnascimento.BeaconTests;
				PRODUCT_NAME = "$(TARGET_NAME)";
				SWIFT_VERSION = 3.0;
				TEST_HOST = "$(BUILT_PRODUCTS_DIR)/Beacon.app/Beacon";
			};
			name = Release;
		};
		926132B21E02AE33009E68B4 /* Debug */ = {
			isa = XCBuildConfiguration;
			buildSettings = {
				ALWAYS_EMBED_SWIFT_STANDARD_LIBRARIES = YES;
				DEVELOPMENT_TEAM = FD37M2LA3J;
				INFOPLIST_FILE = BeaconUITests/Info.plist;
				LD_RUNPATH_SEARCH_PATHS = "$(inherited) @executable_path/Frameworks @loader_path/Frameworks";
				PRODUCT_BUNDLE_IDENTIFIER = com.fdnascimento.BeaconUITests;
				PRODUCT_NAME = "$(TARGET_NAME)";
				SWIFT_VERSION = 3.0;
				TEST_TARGET_NAME = Beacon;
			};
			name = Debug;
		};
		926132B31E02AE33009E68B4 /* Release */ = {
			isa = XCBuildConfiguration;
			buildSettings = {
				ALWAYS_EMBED_SWIFT_STANDARD_LIBRARIES = YES;
				DEVELOPMENT_TEAM = FD37M2LA3J;
				INFOPLIST_FILE = BeaconUITests/Info.plist;
				LD_RUNPATH_SEARCH_PATHS = "$(inherited) @executable_path/Frameworks @loader_path/Frameworks";
				PRODUCT_BUNDLE_IDENTIFIER = com.fdnascimento.BeaconUITests;
				PRODUCT_NAME = "$(TARGET_NAME)";
				SWIFT_VERSION = 3.0;
				TEST_TARGET_NAME = Beacon;
			};
			name = Release;
		};
/* End XCBuildConfiguration section */

/* Begin XCConfigurationList section */
		9261327E1E02AE32009E68B4 /* Build configuration list for PBXProject "Beacon" */ = {
			isa = XCConfigurationList;
			buildConfigurations = (
				926132A91E02AE33009E68B4 /* Debug */,
				926132AA1E02AE33009E68B4 /* Release */,
			);
			defaultConfigurationIsVisible = 0;
			defaultConfigurationName = Release;
		};
		926132AB1E02AE33009E68B4 /* Build configuration list for PBXNativeTarget "Beacon" */ = {
			isa = XCConfigurationList;
			buildConfigurations = (
				926132AC1E02AE33009E68B4 /* Debug */,
				926132AD1E02AE33009E68B4 /* Release */,
			);
			defaultConfigurationIsVisible = 0;
			defaultConfigurationName = Release;
		};
		926132AE1E02AE33009E68B4 /* Build configuration list for PBXNativeTarget "BeaconTests" */ = {
			isa = XCConfigurationList;
			buildConfigurations = (
				926132AF1E02AE33009E68B4 /* Debug */,
				926132B01E02AE33009E68B4 /* Release */,
			);
			defaultConfigurationIsVisible = 0;
			defaultConfigurationName = Release;
		};
		926132B11E02AE33009E68B4 /* Build configuration list for PBXNativeTarget "BeaconUITests" */ = {
			isa = XCConfigurationList;
			buildConfigurations = (
				926132B21E02AE33009E68B4 /* Debug */,
				926132B31E02AE33009E68B4 /* Release */,
			);
			defaultConfigurationIsVisible = 0;
			defaultConfigurationName = Release;
		};
/* End XCConfigurationList section */
	};
	rootObject = 9261327B1E02AE32009E68B4 /* Project object */;
}
